// !$*UTF8*$!
{
	archiveVersion = 1;
	classes = {
	};
	objectVersion = 77;
	objects = {

/* Begin PBXBuildFile section */
		C83F9DC02ECCC5A0007B8BF7 /* Person.swift in Sources */ = {isa = PBXBuildFile; fileRef = C83F9DBF2ECCC5A0007B8BF7 /* Person.swift */; };
		C83F9DC32ECCC6C8007B8BF7 /* InfoSection.swift in Sources */ = {isa = PBXBuildFile; fileRef = C83F9DC22ECCC6C8007B8BF7 /* InfoSection.swift */; };
		C83F9DC52ECCC6F8007B8BF7 /* AboutSection.swift in Sources */ = {isa = PBXBuildFile; fileRef = C83F9DC42ECCC6F8007B8BF7 /* AboutSection.swift */; };
		C83F9DC72ECCC72A007B8BF7 /* ProfileHeader.swift in Sources */ = {isa = PBXBuildFile; fileRef = C83F9DC62ECCC72A007B8BF7 /* ProfileHeader.swift */; };
		C83F9DC92ECCC754007B8BF7 /* ProfileInfoRow.swift in Sources */ = {isa = PBXBuildFile; fileRef = C83F9DC82ECCC754007B8BF7 /* ProfileInfoRow.swift */; };
		C83F9DCB2ECCC7B9007B8BF7 /* InterestGrid.swift in Sources */ = {isa = PBXBuildFile; fileRef = C83F9DCA2ECCC7B9007B8BF7 /* InterestGrid.swift */; };
		C83F9DCD2ECCC7C9007B8BF7 /* InterestChip.swift in Sources */ = {isa = PBXBuildFile; fileRef = C83F9DCC2ECCC7C9007B8BF7 /* InterestChip.swift */; };
		C83F9DCF2ECCC85B007B8BF7 /* StylesFC.swift in Sources */ = {isa = PBXBuildFile; fileRef = C83F9DCE2ECCC85B007B8BF7 /* StylesFC.swift */; };
		C83F9DD42ECCCA04007B8BF7 /* Poderes.swift in Sources */ = {isa = PBXBuildFile; fileRef = C83F9DD22ECCCA04007B8BF7 /* Poderes.swift */; };
		C83F9DD52ECCCA04007B8BF7 /* SuperHeroesData.swift in Sources */ = {isa = PBXBuildFile; fileRef = C83F9DD32ECCCA04007B8BF7 /* SuperHeroesData.swift */; };
		C83F9DD82ECCCAE3007B8BF7 /* SuperHeroGrid.swift in Sources */ = {isa = PBXBuildFile; fileRef = C83F9DD72ECCCAE3007B8BF7 /* SuperHeroGrid.swift */; };
		C85680342ECB9DAC006B530C /* AppStyles.swift in Sources */ = {isa = PBXBuildFile; fileRef = C85680332ECB9DAC006B530C /* AppStyles.swift */; };
		C85680412ECBC8DD006B530C /* Task.swift in Sources */ = {isa = PBXBuildFile; fileRef = C85680402ECBC8DD006B530C /* Task.swift */; };
		C85680442ECBC906006B530C /* TaskViewModel.swift in Sources */ = {isa = PBXBuildFile; fileRef = C85680432ECBC906006B530C /* TaskViewModel.swift */; };
		C856804E2ECBC980006B530C /* FilterButton.swift in Sources */ = {isa = PBXBuildFile; fileRef = C856804D2ECBC980006B530C /* FilterButton.swift */; };
		C85680502ECBC989006B530C /* SecondaryButton.swift in Sources */ = {isa = PBXBuildFile; fileRef = C856804F2ECBC989006B530C /* SecondaryButton.swift */; };
		C85680522ECBC997006B530C /* TaskRowView.swift in Sources */ = {isa = PBXBuildFile; fileRef = C85680512ECBC997006B530C /* TaskRowView.swift */; };
		C85680542ECBC9A2006B530C /* PriorityBadge.swift in Sources */ = {isa = PBXBuildFile; fileRef = C85680532ECBC9A2006B530C /* PriorityBadge.swift */; };
		C85680562ECBC9B5006B530C /* ToDoStyles.swift in Sources */ = {isa = PBXBuildFile; fileRef = C85680552ECBC9B5006B530C /* ToDoStyles.swift */; };
		C85680592ECBCE7A006B530C /* CategoryBadge.swift in Sources */ = {isa = PBXBuildFile; fileRef = C85680582ECBCE7A006B530C /* CategoryBadge.swift */; };
		C856805B2ECBCE8A006B530C /* CompletionButton.swift in Sources */ = {isa = PBXBuildFile; fileRef = C856805A2ECBCE8A006B530C /* CompletionButton.swift */; };
		C856805D2ECBCE9A006B530C /* FavoriteIcon.swift in Sources */ = {isa = PBXBuildFile; fileRef = C856805C2ECBCE9A006B530C /* FavoriteIcon.swift */; };
		C856805F2ECBCEC4006B530C /* DueDateLabel.swift in Sources */ = {isa = PBXBuildFile; fileRef = C856805E2ECBCEC4006B530C /* DueDateLabel.swift */; };
		C85680612ECBCED4006B530C /* TaskTitle.swift in Sources */ = {isa = PBXBuildFile; fileRef = C85680602ECBCED4006B530C /* TaskTitle.swift */; };
		C85680632ECBCEE6006B530C /* TaskDescription.swift in Sources */ = {isa = PBXBuildFile; fileRef = C85680622ECBCEE6006B530C /* TaskDescription.swift */; };
		C85680652ECBCEFF006B530C /* TaskMetadata.swift in Sources */ = {isa = PBXBuildFile; fileRef = C85680642ECBCEFF006B530C /* TaskMetadata.swift */; };
		C85680672ECBCF1A006B530C /* TaskContent.swift in Sources */ = {isa = PBXBuildFile; fileRef = C85680662ECBCF1A006B530C /* TaskContent.swift */; };
		C85680692ECBCF30006B530C /* EmptyStateView.swift in Sources */ = {isa = PBXBuildFile; fileRef = C85680682ECBCF30006B530C /* EmptyStateView.swift */; };
		C856806B2ECBCF46006B530C /* SectionHeader.swift in Sources */ = {isa = PBXBuildFile; fileRef = C856806A2ECBCF46006B530C /* SectionHeader.swift */; };
		C856806D2ECBCF7D006B530C /* FilterButtonsRow.swift in Sources */ = {isa = PBXBuildFile; fileRef = C856806C2ECBCF7D006B530C /* FilterButtonsRow.swift */; };
		C856806F2ECBCFB8006B530C /* ActionButtonsRow.swift in Sources */ = {isa = PBXBuildFile; fileRef = C856806E2ECBCFB8006B530C /* ActionButtonsRow.swift */; };
		C85680712ECBCFD4006B530C /* TaskPreviewCard.swift in Sources */ = {isa = PBXBuildFile; fileRef = C85680702ECBCFD4006B530C /* TaskPreviewCard.swift */; };
		C85680732ECBCFFD006B530C /* AddTaskSheet.swift in Sources */ = {isa = PBXBuildFile; fileRef = C85680722ECBCFFD006B530C /* AddTaskSheet.swift */; };
		C85680752ECBD023006B530C /* ToDoView.swift in Sources */ = {isa = PBXBuildFile; fileRef = C85680742ECBD023006B530C /* ToDoView.swift */; };
		C8836E6B2ECC7867008FA174 /* TaskListContent.swift in Sources */ = {isa = PBXBuildFile; fileRef = C8836E6A2ECC7867008FA174 /* TaskListContent.swift */; };
		C8836E6D2ECC788E008FA174 /* FavoriteSwipeAction.swift in Sources */ = {isa = PBXBuildFile; fileRef = C8836E6C2ECC788E008FA174 /* FavoriteSwipeAction.swift */; };
		C8836E6F2ECC78A8008FA174 /* DeleteSwipeAction.swift in Sources */ = {isa = PBXBuildFile; fileRef = C8836E6E2ECC78A8008FA174 /* DeleteSwipeAction.swift */; };
		C8836E762ECC8820008FA174 /* FaceCard.swift in Sources */ = {isa = PBXBuildFile; fileRef = C8836E752ECC8820008FA174 /* FaceCard.swift */; };
		C8BA04772EC748D8007A79EB /* Assets.xcassets in Resources */ = {isa = PBXBuildFile; fileRef = C8BA04732EC748D8007A79EB /* Assets.xcassets */; };
		C8BA04782EC748D8007A79EB /* AlbumCoverView.swift in Sources */ = {isa = PBXBuildFile; fileRef = C8BA046C2EC748D8007A79EB /* AlbumCoverView.swift */; };
		C8BA04792EC748D8007A79EB /* PlayerControlsView.swift in Sources */ = {isa = PBXBuildFile; fileRef = C8BA046D2EC748D8007A79EB /* PlayerControlsView.swift */; };
		C8BA047A2EC748D8007A79EB /* MusicPlayer.swift in Sources */ = {isa = PBXBuildFile; fileRef = C8BA046F2EC748D8007A79EB /* MusicPlayer.swift */; };
		C8BA047B2EC748D8007A79EB /* Song.swift in Sources */ = {isa = PBXBuildFile; fileRef = C8BA04702EC748D8007A79EB /* Song.swift */; };
		C8BA047C2EC748D8007A79EB /* Styles.swift in Sources */ = {isa = PBXBuildFile; fileRef = C8BA04712EC748D8007A79EB /* Styles.swift */; };
		C8BA047D2EC748D8007A79EB /* ContentView.swift in Sources */ = {isa = PBXBuildFile; fileRef = C8BA04742EC748D8007A79EB /* ContentView.swift */; };
		C8BA047E2EC748D8007A79EB /* Ejercicios_acodingApp.swift in Sources */ = {isa = PBXBuildFile; fileRef = C8BA04752EC748D8007A79EB /* Ejercicios_acodingApp.swift */; };
		C8BA04802EC74CC2007A79EB /* SongInfoHeader.swift in Sources */ = {isa = PBXBuildFile; fileRef = C8BA047F2EC74CC2007A79EB /* SongInfoHeader.swift */; };
		C8BA04822EC74DB7007A79EB /* TimelineSlider.swift in Sources */ = {isa = PBXBuildFile; fileRef = C8BA04812EC74DB7007A79EB /* TimelineSlider.swift */; };
		C8BA04842EC74DCF007A79EB /* PlaybackControls.swift in Sources */ = {isa = PBXBuildFile; fileRef = C8BA04832EC74DCF007A79EB /* PlaybackControls.swift */; };
		C8BA04862EC74DFE007A79EB /* ActionButtons.swift in Sources */ = {isa = PBXBuildFile; fileRef = C8BA04852EC74DFE007A79EB /* ActionButtons.swift */; };
		C8BA04882EC750C9007A79EB /* PlayerGradientBackground.swift in Sources */ = {isa = PBXBuildFile; fileRef = C8BA04872EC750C9007A79EB /* PlayerGradientBackground.swift */; };
		C8BA048A2EC750E5007A79EB /* VolumeControl.swift in Sources */ = {isa = PBXBuildFile; fileRef = C8BA04892EC750E5007A79EB /* VolumeControl.swift */; };
		C8F251652ECB51EB008903EA /* WeatherApp.swift in Sources */ = {isa = PBXBuildFile; fileRef = C8F251642ECB51EB008903EA /* WeatherApp.swift */; };
		C8F251682ECB753F008903EA /* Constants.swift in Sources */ = {isa = PBXBuildFile; fileRef = C8F251672ECB753F008903EA /* Constants.swift */; };
		C8F2516A2ECB7582008903EA /* CurrentWeather.swift in Sources */ = {isa = PBXBuildFile; fileRef = C8F251692ECB7582008903EA /* CurrentWeather.swift */; };
		C8F2516C2ECB75D3008903EA /* HourlyForecast.swift in Sources */ = {isa = PBXBuildFile; fileRef = C8F2516B2ECB75D3008903EA /* HourlyForecast.swift */; };
		C8F2516E2ECB75F8008903EA /* DailyForecast.swift in Sources */ = {isa = PBXBuildFile; fileRef = C8F2516D2ECB75F8008903EA /* DailyForecast.swift */; };
		C8F251712ECB76BF008903EA /* WeatherBackground.swift in Sources */ = {isa = PBXBuildFile; fileRef = C8F251702ECB76BF008903EA /* WeatherBackground.swift */; };
		C8F251732ECB771D008903EA /* CurrentWeatherView.swift in Sources */ = {isa = PBXBuildFile; fileRef = C8F251722ECB771D008903EA /* CurrentWeatherView.swift */; };
		C8F251752ECB7740008903EA /* HourlyForecastCard.swift in Sources */ = {isa = PBXBuildFile; fileRef = C8F251742ECB7740008903EA /* HourlyForecastCard.swift */; };
		C8F251772ECB7752008903EA /* HourlyWeatherView.swift in Sources */ = {isa = PBXBuildFile; fileRef = C8F251762ECB7752008903EA /* HourlyWeatherView.swift */; };
		C8F251792ECB776C008903EA /* DailyForecastCard.swift in Sources */ = {isa = PBXBuildFile; fileRef = C8F251782ECB776C008903EA /* DailyForecastCard.swift */; };
		C8F2517B2ECB77A2008903EA /* DailyForecastRow.swift in Sources */ = {isa = PBXBuildFile; fileRef = C8F2517A2ECB77A2008903EA /* DailyForecastRow.swift */; };
		C8F2517D2ECB77CC008903EA /* TemperatureBar.swift in Sources */ = {isa = PBXBuildFile; fileRef = C8F2517C2ECB77CC008903EA /* TemperatureBar.swift */; };
/* End PBXBuildFile section */

/* Begin PBXFileReference section */
		C83F9DBF2ECCC5A0007B8BF7 /* Person.swift */ = {isa = PBXFileReference; lastKnownFileType = sourcecode.swift; path = Person.swift; sourceTree = "<group>"; };
		C83F9DC22ECCC6C8007B8BF7 /* InfoSection.swift */ = {isa = PBXFileReference; lastKnownFileType = sourcecode.swift; path = InfoSection.swift; sourceTree = "<group>"; };
		C83F9DC42ECCC6F8007B8BF7 /* AboutSection.swift */ = {isa = PBXFileReference; lastKnownFileType = sourcecode.swift; path = AboutSection.swift; sourceTree = "<group>"; };
		C83F9DC62ECCC72A007B8BF7 /* ProfileHeader.swift */ = {isa = PBXFileReference; lastKnownFileType = sourcecode.swift; path = ProfileHeader.swift; sourceTree = "<group>"; };
		C83F9DC82ECCC754007B8BF7 /* ProfileInfoRow.swift */ = {isa = PBXFileReference; lastKnownFileType = sourcecode.swift; path = ProfileInfoRow.swift; sourceTree = "<group>"; };
		C83F9DCA2ECCC7B9007B8BF7 /* InterestGrid.swift */ = {isa = PBXFileReference; lastKnownFileType = sourcecode.swift; path = InterestGrid.swift; sourceTree = "<group>"; };
		C83F9DCC2ECCC7C9007B8BF7 /* InterestChip.swift */ = {isa = PBXFileReference; lastKnownFileType = sourcecode.swift; path = InterestChip.swift; sourceTree = "<group>"; };
		C83F9DCE2ECCC85B007B8BF7 /* StylesFC.swift */ = {isa = PBXFileReference; lastKnownFileType = sourcecode.swift; path = StylesFC.swift; sourceTree = "<group>"; };
		C83F9DD22ECCCA04007B8BF7 /* Poderes.swift */ = {isa = PBXFileReference; lastKnownFileType = sourcecode.swift; path = Poderes.swift; sourceTree = "<group>"; };
		C83F9DD32ECCCA04007B8BF7 /* SuperHeroesData.swift */ = {isa = PBXFileReference; lastKnownFileType = sourcecode.swift; path = SuperHeroesData.swift; sourceTree = "<group>"; };
		C83F9DD72ECCCAE3007B8BF7 /* SuperHeroGrid.swift */ = {isa = PBXFileReference; lastKnownFileType = sourcecode.swift; path = SuperHeroGrid.swift; sourceTree = "<group>"; };
		C85680332ECB9DAC006B530C /* AppStyles.swift */ = {isa = PBXFileReference; lastKnownFileType = sourcecode.swift; path = AppStyles.swift; sourceTree = "<group>"; };
		C85680402ECBC8DD006B530C /* Task.swift */ = {isa = PBXFileReference; lastKnownFileType = sourcecode.swift; path = Task.swift; sourceTree = "<group>"; };
		C85680432ECBC906006B530C /* TaskViewModel.swift */ = {isa = PBXFileReference; lastKnownFileType = sourcecode.swift; path = TaskViewModel.swift; sourceTree = "<group>"; };
		C856804D2ECBC980006B530C /* FilterButton.swift */ = {isa = PBXFileReference; lastKnownFileType = sourcecode.swift; path = FilterButton.swift; sourceTree = "<group>"; };
		C856804F2ECBC989006B530C /* SecondaryButton.swift */ = {isa = PBXFileReference; lastKnownFileType = sourcecode.swift; path = SecondaryButton.swift; sourceTree = "<group>"; };
		C85680512ECBC997006B530C /* TaskRowView.swift */ = {isa = PBXFileReference; lastKnownFileType = sourcecode.swift; path = TaskRowView.swift; sourceTree = "<group>"; };
		C85680532ECBC9A2006B530C /* PriorityBadge.swift */ = {isa = PBXFileReference; lastKnownFileType = sourcecode.swift; path = PriorityBadge.swift; sourceTree = "<group>"; };
		C85680552ECBC9B5006B530C /* ToDoStyles.swift */ = {isa = PBXFileReference; lastKnownFileType = sourcecode.swift; path = ToDoStyles.swift; sourceTree = "<group>"; };
		C85680582ECBCE7A006B530C /* CategoryBadge.swift */ = {isa = PBXFileReference; lastKnownFileType = sourcecode.swift; path = CategoryBadge.swift; sourceTree = "<group>"; };
		C856805A2ECBCE8A006B530C /* CompletionButton.swift */ = {isa = PBXFileReference; lastKnownFileType = sourcecode.swift; path = CompletionButton.swift; sourceTree = "<group>"; };
		C856805C2ECBCE9A006B530C /* FavoriteIcon.swift */ = {isa = PBXFileReference; lastKnownFileType = sourcecode.swift; path = FavoriteIcon.swift; sourceTree = "<group>"; };
		C856805E2ECBCEC4006B530C /* DueDateLabel.swift */ = {isa = PBXFileReference; lastKnownFileType = sourcecode.swift; path = DueDateLabel.swift; sourceTree = "<group>"; };
		C85680602ECBCED4006B530C /* TaskTitle.swift */ = {isa = PBXFileReference; lastKnownFileType = sourcecode.swift; path = TaskTitle.swift; sourceTree = "<group>"; };
		C85680622ECBCEE6006B530C /* TaskDescription.swift */ = {isa = PBXFileReference; lastKnownFileType = sourcecode.swift; path = TaskDescription.swift; sourceTree = "<group>"; };
		C85680642ECBCEFF006B530C /* TaskMetadata.swift */ = {isa = PBXFileReference; lastKnownFileType = sourcecode.swift; path = TaskMetadata.swift; sourceTree = "<group>"; };
		C85680662ECBCF1A006B530C /* TaskContent.swift */ = {isa = PBXFileReference; lastKnownFileType = sourcecode.swift; path = TaskContent.swift; sourceTree = "<group>"; };
		C85680682ECBCF30006B530C /* EmptyStateView.swift */ = {isa = PBXFileReference; lastKnownFileType = sourcecode.swift; path = EmptyStateView.swift; sourceTree = "<group>"; };
		C856806A2ECBCF46006B530C /* SectionHeader.swift */ = {isa = PBXFileReference; lastKnownFileType = sourcecode.swift; path = SectionHeader.swift; sourceTree = "<group>"; };
		C856806C2ECBCF7D006B530C /* FilterButtonsRow.swift */ = {isa = PBXFileReference; lastKnownFileType = sourcecode.swift; path = FilterButtonsRow.swift; sourceTree = "<group>"; };
		C856806E2ECBCFB8006B530C /* ActionButtonsRow.swift */ = {isa = PBXFileReference; lastKnownFileType = sourcecode.swift; path = ActionButtonsRow.swift; sourceTree = "<group>"; };
		C85680702ECBCFD4006B530C /* TaskPreviewCard.swift */ = {isa = PBXFileReference; lastKnownFileType = sourcecode.swift; path = TaskPreviewCard.swift; sourceTree = "<group>"; };
		C85680722ECBCFFD006B530C /* AddTaskSheet.swift */ = {isa = PBXFileReference; lastKnownFileType = sourcecode.swift; path = AddTaskSheet.swift; sourceTree = "<group>"; };
		C85680742ECBD023006B530C /* ToDoView.swift */ = {isa = PBXFileReference; lastKnownFileType = sourcecode.swift; path = ToDoView.swift; sourceTree = "<group>"; };
		C8836E6A2ECC7867008FA174 /* TaskListContent.swift */ = {isa = PBXFileReference; lastKnownFileType = sourcecode.swift; path = TaskListContent.swift; sourceTree = "<group>"; };
		C8836E6C2ECC788E008FA174 /* FavoriteSwipeAction.swift */ = {isa = PBXFileReference; lastKnownFileType = sourcecode.swift; path = FavoriteSwipeAction.swift; sourceTree = "<group>"; };
		C8836E6E2ECC78A8008FA174 /* DeleteSwipeAction.swift */ = {isa = PBXFileReference; lastKnownFileType = sourcecode.swift; path = DeleteSwipeAction.swift; sourceTree = "<group>"; };
		C8836E752ECC8820008FA174 /* FaceCard.swift */ = {isa = PBXFileReference; lastKnownFileType = sourcecode.swift; path = FaceCard.swift; sourceTree = "<group>"; };
		C8891D522EC2026000B5EA76 /* Ejercicios acoding.app */ = {isa = PBXFileReference; explicitFileType = wrapper.application; includeInIndex = 0; path = "Ejercicios acoding.app"; sourceTree = BUILT_PRODUCTS_DIR; };
		C8BA046C2EC748D8007A79EB /* AlbumCoverView.swift */ = {isa = PBXFileReference; lastKnownFileType = sourcecode.swift; path = AlbumCoverView.swift; sourceTree = "<group>"; };
		C8BA046D2EC748D8007A79EB /* PlayerControlsView.swift */ = {isa = PBXFileReference; lastKnownFileType = sourcecode.swift; path = PlayerControlsView.swift; sourceTree = "<group>"; };
		C8BA046F2EC748D8007A79EB /* MusicPlayer.swift */ = {isa = PBXFileReference; lastKnownFileType = sourcecode.swift; path = MusicPlayer.swift; sourceTree = "<group>"; };
		C8BA04702EC748D8007A79EB /* Song.swift */ = {isa = PBXFileReference; lastKnownFileType = sourcecode.swift; path = Song.swift; sourceTree = "<group>"; };
		C8BA04712EC748D8007A79EB /* Styles.swift */ = {isa = PBXFileReference; lastKnownFileType = sourcecode.swift; path = Styles.swift; sourceTree = "<group>"; };
		C8BA04732EC748D8007A79EB /* Assets.xcassets */ = {isa = PBXFileReference; lastKnownFileType = folder.assetcatalog; path = Assets.xcassets; sourceTree = "<group>"; };
		C8BA04742EC748D8007A79EB /* ContentView.swift */ = {isa = PBXFileReference; lastKnownFileType = sourcecode.swift; path = ContentView.swift; sourceTree = "<group>"; };
		C8BA04752EC748D8007A79EB /* Ejercicios_acodingApp.swift */ = {isa = PBXFileReference; lastKnownFileType = sourcecode.swift; path = Ejercicios_acodingApp.swift; sourceTree = "<group>"; };
		C8BA047F2EC74CC2007A79EB /* SongInfoHeader.swift */ = {isa = PBXFileReference; lastKnownFileType = sourcecode.swift; path = SongInfoHeader.swift; sourceTree = "<group>"; };
		C8BA04812EC74DB7007A79EB /* TimelineSlider.swift */ = {isa = PBXFileReference; lastKnownFileType = sourcecode.swift; path = TimelineSlider.swift; sourceTree = "<group>"; };
		C8BA04832EC74DCF007A79EB /* PlaybackControls.swift */ = {isa = PBXFileReference; lastKnownFileType = sourcecode.swift; path = PlaybackControls.swift; sourceTree = "<group>"; };
		C8BA04852EC74DFE007A79EB /* ActionButtons.swift */ = {isa = PBXFileReference; lastKnownFileType = sourcecode.swift; path = ActionButtons.swift; sourceTree = "<group>"; };
		C8BA04872EC750C9007A79EB /* PlayerGradientBackground.swift */ = {isa = PBXFileReference; lastKnownFileType = sourcecode.swift; path = PlayerGradientBackground.swift; sourceTree = "<group>"; };
		C8BA04892EC750E5007A79EB /* VolumeControl.swift */ = {isa = PBXFileReference; lastKnownFileType = sourcecode.swift; path = VolumeControl.swift; sourceTree = "<group>"; };
		C8F251642ECB51EB008903EA /* WeatherApp.swift */ = {isa = PBXFileReference; lastKnownFileType = sourcecode.swift; path = WeatherApp.swift; sourceTree = "<group>"; };
		C8F251672ECB753F008903EA /* Constants.swift */ = {isa = PBXFileReference; lastKnownFileType = sourcecode.swift; path = Constants.swift; sourceTree = "<group>"; };
		C8F251692ECB7582008903EA /* CurrentWeather.swift */ = {isa = PBXFileReference; lastKnownFileType = sourcecode.swift; path = CurrentWeather.swift; sourceTree = "<group>"; };
		C8F2516B2ECB75D3008903EA /* HourlyForecast.swift */ = {isa = PBXFileReference; lastKnownFileType = sourcecode.swift; path = HourlyForecast.swift; sourceTree = "<group>"; };
		C8F2516D2ECB75F8008903EA /* DailyForecast.swift */ = {isa = PBXFileReference; lastKnownFileType = sourcecode.swift; path = DailyForecast.swift; sourceTree = "<group>"; };
		C8F251702ECB76BF008903EA /* WeatherBackground.swift */ = {isa = PBXFileReference; lastKnownFileType = sourcecode.swift; path = WeatherBackground.swift; sourceTree = "<group>"; };
		C8F251722ECB771D008903EA /* CurrentWeatherView.swift */ = {isa = PBXFileReference; lastKnownFileType = sourcecode.swift; path = CurrentWeatherView.swift; sourceTree = "<group>"; };
		C8F251742ECB7740008903EA /* HourlyForecastCard.swift */ = {isa = PBXFileReference; lastKnownFileType = sourcecode.swift; path = HourlyForecastCard.swift; sourceTree = "<group>"; };
		C8F251762ECB7752008903EA /* HourlyWeatherView.swift */ = {isa = PBXFileReference; lastKnownFileType = sourcecode.swift; path = HourlyWeatherView.swift; sourceTree = "<group>"; };
		C8F251782ECB776C008903EA /* DailyForecastCard.swift */ = {isa = PBXFileReference; lastKnownFileType = sourcecode.swift; path = DailyForecastCard.swift; sourceTree = "<group>"; };
		C8F2517A2ECB77A2008903EA /* DailyForecastRow.swift */ = {isa = PBXFileReference; lastKnownFileType = sourcecode.swift; path = DailyForecastRow.swift; sourceTree = "<group>"; };
		C8F2517C2ECB77CC008903EA /* TemperatureBar.swift */ = {isa = PBXFileReference; lastKnownFileType = sourcecode.swift; path = TemperatureBar.swift; sourceTree = "<group>"; };
/* End PBXFileReference section */

/* Begin PBXFrameworksBuildPhase section */
		C8891D4F2EC2026000B5EA76 /* Frameworks */ = {
			isa = PBXFrameworksBuildPhase;
			buildActionMask = 2147483647;
			files = (
			);
			runOnlyForDeploymentPostprocessing = 0;
		};
/* End PBXFrameworksBuildPhase section */

/* Begin PBXGroup section */
		C83F9DBE2ECCC582007B8BF7 /* Model */ = {
			isa = PBXGroup;
			children = (
				C83F9DBF2ECCC5A0007B8BF7 /* Person.swift */,
			);
			path = Model;
			sourceTree = "<group>";
		};
		C83F9DC12ECCC6B7007B8BF7 /* Components */ = {
			isa = PBXGroup;
			children = (
				C83F9DCC2ECCC7C9007B8BF7 /* InterestChip.swift */,
				C83F9DCA2ECCC7B9007B8BF7 /* InterestGrid.swift */,
				C83F9DC82ECCC754007B8BF7 /* ProfileInfoRow.swift */,
				C83F9DC62ECCC72A007B8BF7 /* ProfileHeader.swift */,
				C83F9DC42ECCC6F8007B8BF7 /* AboutSection.swift */,
				C83F9DC22ECCC6C8007B8BF7 /* InfoSection.swift */,
			);
			path = Components;
			sourceTree = "<group>";
		};
		C83F9DD02ECCC9A9007B8BF7 /* Exercise 5 SuperHeroes */ = {
			isa = PBXGroup;
			children = (
				C83F9DD12ECCC9C4007B8BF7 /* Model */,
				C83F9DD62ECCCA10007B8BF7 /* Views */,
			);
			path = "Exercise 5 SuperHeroes";
			sourceTree = "<group>";
		};
		C83F9DD12ECCC9C4007B8BF7 /* Model */ = {
			isa = PBXGroup;
			children = (
				C83F9DD22ECCCA04007B8BF7 /* Poderes.swift */,
				C83F9DD32ECCCA04007B8BF7 /* SuperHeroesData.swift */,
			);
			path = Model;
			sourceTree = "<group>";
		};
		C83F9DD62ECCCA10007B8BF7 /* Views */ = {
			isa = PBXGroup;
			children = (
				C83F9DD72ECCCAE3007B8BF7 /* SuperHeroGrid.swift */,
			);
			path = Views;
			sourceTree = "<group>";
		};
		C856803B2ECBB289006B530C /* Exercise 3 To Do */ = {
			isa = PBXGroup;
			children = (
				C85680422ECBC8F5006B530C /* ViewModel */,
				C856803D2ECBB2E5006B530C /* Views */,
				C856803C2ECBB2DE006B530C /* Models */,
				C85680552ECBC9B5006B530C /* ToDoStyles.swift */,
			);
			path = "Exercise 3 To Do";
			sourceTree = "<group>";
		};
		C856803C2ECBB2DE006B530C /* Models */ = {
			isa = PBXGroup;
			children = (
				C85680402ECBC8DD006B530C /* Task.swift */,
			);
			path = Models;
			sourceTree = "<group>";
		};
		C856803D2ECBB2E5006B530C /* Views */ = {
			isa = PBXGroup;
			children = (
				C85680742ECBD023006B530C /* ToDoView.swift */,
				C85680472ECBC938006B530C /* AddTask */,
				C856804C2ECBC965006B530C /* Components */,
			);
			path = Views;
			sourceTree = "<group>";
		};
		C85680422ECBC8F5006B530C /* ViewModel */ = {
			isa = PBXGroup;
			children = (
				C85680432ECBC906006B530C /* TaskViewModel.swift */,
			);
			path = ViewModel;
			sourceTree = "<group>";
		};
		C85680472ECBC938006B530C /* AddTask */ = {
			isa = PBXGroup;
			children = (
				C85680722ECBCFFD006B530C /* AddTaskSheet.swift */,
			);
			path = AddTask;
			sourceTree = "<group>";
		};
		C856804C2ECBC965006B530C /* Components */ = {
			isa = PBXGroup;
			children = (
				C85680572ECBCE6B006B530C /* Subcomponents */,
				C85680702ECBCFD4006B530C /* TaskPreviewCard.swift */,
				C856806A2ECBCF46006B530C /* SectionHeader.swift */,
				C8836E6A2ECC7867008FA174 /* TaskListContent.swift */,
				C85680682ECBCF30006B530C /* EmptyStateView.swift */,
				C85680662ECBCF1A006B530C /* TaskContent.swift */,
				C85680512ECBC997006B530C /* TaskRowView.swift */,
			);
			path = Components;
			sourceTree = "<group>";
		};
		C85680572ECBCE6B006B530C /* Subcomponents */ = {
			isa = PBXGroup;
			children = (
				C8836E6E2ECC78A8008FA174 /* DeleteSwipeAction.swift */,
				C8836E6C2ECC788E008FA174 /* FavoriteSwipeAction.swift */,
				C856806E2ECBCFB8006B530C /* ActionButtonsRow.swift */,
				C856806C2ECBCF7D006B530C /* FilterButtonsRow.swift */,
				C85680642ECBCEFF006B530C /* TaskMetadata.swift */,
				C85680622ECBCEE6006B530C /* TaskDescription.swift */,
				C85680602ECBCED4006B530C /* TaskTitle.swift */,
				C856805E2ECBCEC4006B530C /* DueDateLabel.swift */,
				C856805C2ECBCE9A006B530C /* FavoriteIcon.swift */,
				C856805A2ECBCE8A006B530C /* CompletionButton.swift */,
				C85680582ECBCE7A006B530C /* CategoryBadge.swift */,
				C85680532ECBC9A2006B530C /* PriorityBadge.swift */,
				C856804F2ECBC989006B530C /* SecondaryButton.swift */,
				C856804D2ECBC980006B530C /* FilterButton.swift */,
			);
			path = Subcomponents;
			sourceTree = "<group>";
		};
		C8836E702ECC7EF4008FA174 /* Exercise 4 Face Card */ = {
			isa = PBXGroup;
			children = (
				C83F9DBE2ECCC582007B8BF7 /* Model */,
				C8836E742ECC85D3008FA174 /* Views */,
				C83F9DCE2ECCC85B007B8BF7 /* StylesFC.swift */,
			);
			path = "Exercise 4 Face Card";
			sourceTree = "<group>";
		};
		C8836E742ECC85D3008FA174 /* Views */ = {
			isa = PBXGroup;
			children = (
				C83F9DC12ECCC6B7007B8BF7 /* Components */,
				C8836E752ECC8820008FA174 /* FaceCard.swift */,
			);
			path = Views;
			sourceTree = "<group>";
		};
		C8891D492EC2026000B5EA76 = {
			isa = PBXGroup;
			children = (
				C8BA04762EC748D8007A79EB /* Ejercicios acoding */,
				C8891D532EC2026000B5EA76 /* Products */,
			);
			sourceTree = "<group>";
		};
		C8891D532EC2026000B5EA76 /* Products */ = {
			isa = PBXGroup;
			children = (
				C8891D522EC2026000B5EA76 /* Ejercicios acoding.app */,
			);
			name = Products;
			sourceTree = "<group>";
		};
		C8BA046B2EC748D8007A79EB /* PlayerControlsSubcomponents */ = {
			isa = PBXGroup;
			children = (
				C8BA04892EC750E5007A79EB /* VolumeControl.swift */,
				C8BA04872EC750C9007A79EB /* PlayerGradientBackground.swift */,
				C8BA04852EC74DFE007A79EB /* ActionButtons.swift */,
				C8BA04832EC74DCF007A79EB /* PlaybackControls.swift */,
				C8BA04812EC74DB7007A79EB /* TimelineSlider.swift */,
				C8BA047F2EC74CC2007A79EB /* SongInfoHeader.swift */,
			);
			path = PlayerControlsSubcomponents;
			sourceTree = "<group>";
		};
		C8BA046E2EC748D8007A79EB /* Components */ = {
			isa = PBXGroup;
			children = (
				C8BA046C2EC748D8007A79EB /* AlbumCoverView.swift */,
				C8BA046D2EC748D8007A79EB /* PlayerControlsView.swift */,
				C8BA046B2EC748D8007A79EB /* PlayerControlsSubcomponents */,
			);
			path = Components;
			sourceTree = "<group>";
		};
		C8BA04722EC748D8007A79EB /* Exercise 1 Music Player */ = {
			isa = PBXGroup;
			children = (
				C8BA046E2EC748D8007A79EB /* Components */,
				C8BA046F2EC748D8007A79EB /* MusicPlayer.swift */,
				C8BA04702EC748D8007A79EB /* Song.swift */,
				C8BA04712EC748D8007A79EB /* Styles.swift */,
			);
			path = "Exercise 1 Music Player";
			sourceTree = "<group>";
		};
		C8BA04762EC748D8007A79EB /* Ejercicios acoding */ = {
			isa = PBXGroup;
			children = (
				C8BA04722EC748D8007A79EB /* Exercise 1 Music Player */,
				C8F251632ECB51C2008903EA /* Exercise 2 Weather app */,
				C856803B2ECBB289006B530C /* Exercise 3 To Do */,
				C8836E702ECC7EF4008FA174 /* Exercise 4 Face Card */,
				C83F9DD02ECCC9A9007B8BF7 /* Exercise 5 SuperHeroes */,
				C8BA04732EC748D8007A79EB /* Assets.xcassets */,
				C8BA04742EC748D8007A79EB /* ContentView.swift */,
				C8BA04752EC748D8007A79EB /* Ejercicios_acodingApp.swift */,
			);
			path = "Ejercicios acoding";
			sourceTree = "<group>";
		};
		C8F251632ECB51C2008903EA /* Exercise 2 Weather app */ = {
			isa = PBXGroup;
			children = (
				C8F251662ECB752A008903EA /* Models */,
				C8F2516F2ECB769E008903EA /* Components */,
				C8F251642ECB51EB008903EA /* WeatherApp.swift */,
				C85680332ECB9DAC006B530C /* AppStyles.swift */,
			);
			path = "Exercise 2 Weather app";
			sourceTree = "<group>";
		};
		C8F251662ECB752A008903EA /* Models */ = {
			isa = PBXGroup;
			children = (
				C8F2516D2ECB75F8008903EA /* DailyForecast.swift */,
				C8F2516B2ECB75D3008903EA /* HourlyForecast.swift */,
				C8F251692ECB7582008903EA /* CurrentWeather.swift */,
				C8F251672ECB753F008903EA /* Constants.swift */,
			);
			path = Models;
			sourceTree = "<group>";
		};
		C8F2516F2ECB769E008903EA /* Components */ = {
			isa = PBXGroup;
			children = (
				C8F2517C2ECB77CC008903EA /* TemperatureBar.swift */,
				C8F2517A2ECB77A2008903EA /* DailyForecastRow.swift */,
				C8F251782ECB776C008903EA /* DailyForecastCard.swift */,
				C8F251762ECB7752008903EA /* HourlyWeatherView.swift */,
				C8F251742ECB7740008903EA /* HourlyForecastCard.swift */,
				C8F251722ECB771D008903EA /* CurrentWeatherView.swift */,
				C8F251702ECB76BF008903EA /* WeatherBackground.swift */,
			);
			path = Components;
			sourceTree = "<group>";
		};
/* End PBXGroup section */

/* Begin PBXNativeTarget section */
		C8891D512EC2026000B5EA76 /* Ejercicios acoding */ = {
			isa = PBXNativeTarget;
			buildConfigurationList = C8891D5D2EC2026100B5EA76 /* Build configuration list for PBXNativeTarget "Ejercicios acoding" */;
			buildPhases = (
				C8891D4E2EC2026000B5EA76 /* Sources */,
				C8891D4F2EC2026000B5EA76 /* Frameworks */,
				C8891D502EC2026000B5EA76 /* Resources */,
			);
			buildRules = (
			);
			dependencies = (
			);
			name = "Ejercicios acoding";
			packageProductDependencies = (
			);
			productName = "Ejercicios acoding";
			productReference = C8891D522EC2026000B5EA76 /* Ejercicios acoding.app */;
			productType = "com.apple.product-type.application";
		};
/* End PBXNativeTarget section */

/* Begin PBXProject section */
		C8891D4A2EC2026000B5EA76 /* Project object */ = {
			isa = PBXProject;
			attributes = {
				BuildIndependentTargetsInParallel = 1;
				LastSwiftUpdateCheck = 2600;
				LastUpgradeCheck = 2600;
				TargetAttributes = {
					C8891D512EC2026000B5EA76 = {
						CreatedOnToolsVersion = 26.0.1;
					};
				};
			};
			buildConfigurationList = C8891D4D2EC2026000B5EA76 /* Build configuration list for PBXProject "Ejercicios acoding" */;
			developmentRegion = en;
			hasScannedForEncodings = 0;
			knownRegions = (
				en,
				Base,
			);
			mainGroup = C8891D492EC2026000B5EA76;
			minimizedProjectReferenceProxies = 1;
			preferredProjectObjectVersion = 77;
			productRefGroup = C8891D532EC2026000B5EA76 /* Products */;
			projectDirPath = "";
			projectRoot = "";
			targets = (
				C8891D512EC2026000B5EA76 /* Ejercicios acoding */,
			);
		};
/* End PBXProject section */

/* Begin PBXResourcesBuildPhase section */
		C8891D502EC2026000B5EA76 /* Resources */ = {
			isa = PBXResourcesBuildPhase;
			buildActionMask = 2147483647;
			files = (
				C8BA04772EC748D8007A79EB /* Assets.xcassets in Resources */,
			);
			runOnlyForDeploymentPostprocessing = 0;
		};
/* End PBXResourcesBuildPhase section */

/* Begin PBXSourcesBuildPhase section */
		C8891D4E2EC2026000B5EA76 /* Sources */ = {
			isa = PBXSourcesBuildPhase;
			buildActionMask = 2147483647;
			files = (
				C83F9DC72ECCC72A007B8BF7 /* ProfileHeader.swift in Sources */,
				C85680732ECBCFFD006B530C /* AddTaskSheet.swift in Sources */,
				C8BA04882EC750C9007A79EB /* PlayerGradientBackground.swift in Sources */,
				C8BA04862EC74DFE007A79EB /* ActionButtons.swift in Sources */,
				C85680692ECBCF30006B530C /* EmptyStateView.swift in Sources */,
				C8F2516E2ECB75F8008903EA /* DailyForecast.swift in Sources */,
				C85680562ECBC9B5006B530C /* ToDoStyles.swift in Sources */,
				C83F9DD82ECCCAE3007B8BF7 /* SuperHeroGrid.swift in Sources */,
				C8F2516A2ECB7582008903EA /* CurrentWeather.swift in Sources */,
				C8BA04782EC748D8007A79EB /* AlbumCoverView.swift in Sources */,
				C8BA04792EC748D8007A79EB /* PlayerControlsView.swift in Sources */,
				C83F9DC32ECCC6C8007B8BF7 /* InfoSection.swift in Sources */,
				C856806B2ECBCF46006B530C /* SectionHeader.swift in Sources */,
				C8F251772ECB7752008903EA /* HourlyWeatherView.swift in Sources */,
				C83F9DC52ECCC6F8007B8BF7 /* AboutSection.swift in Sources */,
				C8BA047A2EC748D8007A79EB /* MusicPlayer.swift in Sources */,
				C85680672ECBCF1A006B530C /* TaskContent.swift in Sources */,
				C8F251682ECB753F008903EA /* Constants.swift in Sources */,
				C8836E762ECC8820008FA174 /* FaceCard.swift in Sources */,
				C856806D2ECBCF7D006B530C /* FilterButtonsRow.swift in Sources */,
				C85680522ECBC997006B530C /* TaskRowView.swift in Sources */,
				C8F2517D2ECB77CC008903EA /* TemperatureBar.swift in Sources */,
				C85680652ECBCEFF006B530C /* TaskMetadata.swift in Sources */,
				C85680442ECBC906006B530C /* TaskViewModel.swift in Sources */,
				C83F9DC02ECCC5A0007B8BF7 /* Person.swift in Sources */,
				C8BA04802EC74CC2007A79EB /* SongInfoHeader.swift in Sources */,
				C8BA048A2EC750E5007A79EB /* VolumeControl.swift in Sources */,
				C856805B2ECBCE8A006B530C /* CompletionButton.swift in Sources */,
				C85680412ECBC8DD006B530C /* Task.swift in Sources */,
				C85680712ECBCFD4006B530C /* TaskPreviewCard.swift in Sources */,
				C8BA04842EC74DCF007A79EB /* PlaybackControls.swift in Sources */,
				C8BA04822EC74DB7007A79EB /* TimelineSlider.swift in Sources */,
				C85680542ECBC9A2006B530C /* PriorityBadge.swift in Sources */,
				C83F9DD42ECCCA04007B8BF7 /* Poderes.swift in Sources */,
				C83F9DD52ECCCA04007B8BF7 /* SuperHeroesData.swift in Sources */,
				C85680592ECBCE7A006B530C /* CategoryBadge.swift in Sources */,
				C8BA047B2EC748D8007A79EB /* Song.swift in Sources */,
				C856804E2ECBC980006B530C /* FilterButton.swift in Sources */,
				C85680502ECBC989006B530C /* SecondaryButton.swift in Sources */,
				C85680342ECB9DAC006B530C /* AppStyles.swift in Sources */,
				C83F9DCD2ECCC7C9007B8BF7 /* InterestChip.swift in Sources */,
				C8F251792ECB776C008903EA /* DailyForecastCard.swift in Sources */,
				C8F251732ECB771D008903EA /* CurrentWeatherView.swift in Sources */,
				C85680632ECBCEE6006B530C /* TaskDescription.swift in Sources */,
				C856805D2ECBCE9A006B530C /* FavoriteIcon.swift in Sources */,
				C8F251652ECB51EB008903EA /* WeatherApp.swift in Sources */,
				C8836E6B2ECC7867008FA174 /* TaskListContent.swift in Sources */,
				C8BA047C2EC748D8007A79EB /* Styles.swift in Sources */,
				C8BA047D2EC748D8007A79EB /* ContentView.swift in Sources */,
				C8836E6D2ECC788E008FA174 /* FavoriteSwipeAction.swift in Sources */,
				C8F2517B2ECB77A2008903EA /* DailyForecastRow.swift in Sources */,
				C8F251752ECB7740008903EA /* HourlyForecastCard.swift in Sources */,
				C8BA047E2EC748D8007A79EB /* Ejercicios_acodingApp.swift in Sources */,
				C856806F2ECBCFB8006B530C /* ActionButtonsRow.swift in Sources */,
				C83F9DCF2ECCC85B007B8BF7 /* StylesFC.swift in Sources */,
				C8836E6F2ECC78A8008FA174 /* DeleteSwipeAction.swift in Sources */,
				C85680752ECBD023006B530C /* ToDoView.swift in Sources */,
				C8F2516C2ECB75D3008903EA /* HourlyForecast.swift in Sources */,
				C83F9DC92ECCC754007B8BF7 /* ProfileInfoRow.swift in Sources */,
				C8F251712ECB76BF008903EA /* WeatherBackground.swift in Sources */,
				C85680612ECBCED4006B530C /* TaskTitle.swift in Sources */,
				C856805F2ECBCEC4006B530C /* DueDateLabel.swift in Sources */,
				C83F9DCB2ECCC7B9007B8BF7 /* InterestGrid.swift in Sources */,
			);
			runOnlyForDeploymentPostprocessing = 0;
		};
/* End PBXSourcesBuildPhase section */

/* Begin XCBuildConfiguration section */
		C8891D5B2EC2026100B5EA76 /* Debug */ = {
			isa = XCBuildConfiguration;
			buildSettings = {
				ALWAYS_SEARCH_USER_PATHS = NO;
				ASSETCATALOG_COMPILER_GENERATE_SWIFT_ASSET_SYMBOL_EXTENSIONS = YES;
				CLANG_ANALYZER_NONNULL = YES;
				CLANG_ANALYZER_NUMBER_OBJECT_CONVERSION = YES_AGGRESSIVE;
				CLANG_CXX_LANGUAGE_STANDARD = "gnu++20";
				CLANG_ENABLE_MODULES = YES;
				CLANG_ENABLE_OBJC_ARC = YES;
				CLANG_ENABLE_OBJC_WEAK = YES;
				CLANG_WARN_BLOCK_CAPTURE_AUTORELEASING = YES;
				CLANG_WARN_BOOL_CONVERSION = YES;
				CLANG_WARN_COMMA = YES;
				CLANG_WARN_CONSTANT_CONVERSION = YES;
				CLANG_WARN_DEPRECATED_OBJC_IMPLEMENTATIONS = YES;
				CLANG_WARN_DIRECT_OBJC_ISA_USAGE = YES_ERROR;
				CLANG_WARN_DOCUMENTATION_COMMENTS = YES;
				CLANG_WARN_EMPTY_BODY = YES;
				CLANG_WARN_ENUM_CONVERSION = YES;
				CLANG_WARN_INFINITE_RECURSION = YES;
				CLANG_WARN_INT_CONVERSION = YES;
				CLANG_WARN_NON_LITERAL_NULL_CONVERSION = YES;
				CLANG_WARN_OBJC_IMPLICIT_RETAIN_SELF = YES;
				CLANG_WARN_OBJC_LITERAL_CONVERSION = YES;
				CLANG_WARN_OBJC_ROOT_CLASS = YES_ERROR;
				CLANG_WARN_QUOTED_INCLUDE_IN_FRAMEWORK_HEADER = YES;
				CLANG_WARN_RANGE_LOOP_ANALYSIS = YES;
				CLANG_WARN_STRICT_PROTOTYPES = YES;
				CLANG_WARN_SUSPICIOUS_MOVE = YES;
				CLANG_WARN_UNGUARDED_AVAILABILITY = YES_AGGRESSIVE;
				CLANG_WARN_UNREACHABLE_CODE = YES;
				CLANG_WARN__DUPLICATE_METHOD_MATCH = YES;
				COPY_PHASE_STRIP = NO;
				DEBUG_INFORMATION_FORMAT = dwarf;
				ENABLE_STRICT_OBJC_MSGSEND = YES;
				ENABLE_TESTABILITY = YES;
				ENABLE_USER_SCRIPT_SANDBOXING = YES;
				GCC_C_LANGUAGE_STANDARD = gnu17;
				GCC_DYNAMIC_NO_PIC = NO;
				GCC_NO_COMMON_BLOCKS = YES;
				GCC_OPTIMIZATION_LEVEL = 0;
				GCC_PREPROCESSOR_DEFINITIONS = (
					"DEBUG=1",
					"$(inherited)",
				);
				GCC_WARN_64_TO_32_BIT_CONVERSION = YES;
				GCC_WARN_ABOUT_RETURN_TYPE = YES_ERROR;
				GCC_WARN_UNDECLARED_SELECTOR = YES;
				GCC_WARN_UNINITIALIZED_AUTOS = YES_AGGRESSIVE;
				GCC_WARN_UNUSED_FUNCTION = YES;
				GCC_WARN_UNUSED_VARIABLE = YES;
				IPHONEOS_DEPLOYMENT_TARGET = 26.0;
				LOCALIZATION_PREFERS_STRING_CATALOGS = YES;
				MTL_ENABLE_DEBUG_INFO = INCLUDE_SOURCE;
				MTL_FAST_MATH = YES;
				ONLY_ACTIVE_ARCH = YES;
				SDKROOT = iphoneos;
				SWIFT_ACTIVE_COMPILATION_CONDITIONS = "DEBUG $(inherited)";
				SWIFT_OPTIMIZATION_LEVEL = "-Onone";
			};
			name = Debug;
		};
		C8891D5C2EC2026100B5EA76 /* Release */ = {
			isa = XCBuildConfiguration;
			buildSettings = {
				ALWAYS_SEARCH_USER_PATHS = NO;
				ASSETCATALOG_COMPILER_GENERATE_SWIFT_ASSET_SYMBOL_EXTENSIONS = YES;
				CLANG_ANALYZER_NONNULL = YES;
				CLANG_ANALYZER_NUMBER_OBJECT_CONVERSION = YES_AGGRESSIVE;
				CLANG_CXX_LANGUAGE_STANDARD = "gnu++20";
				CLANG_ENABLE_MODULES = YES;
				CLANG_ENABLE_OBJC_ARC = YES;
				CLANG_ENABLE_OBJC_WEAK = YES;
				CLANG_WARN_BLOCK_CAPTURE_AUTORELEASING = YES;
				CLANG_WARN_BOOL_CONVERSION = YES;
				CLANG_WARN_COMMA = YES;
				CLANG_WARN_CONSTANT_CONVERSION = YES;
				CLANG_WARN_DEPRECATED_OBJC_IMPLEMENTATIONS = YES;
				CLANG_WARN_DIRECT_OBJC_ISA_USAGE = YES_ERROR;
				CLANG_WARN_DOCUMENTATION_COMMENTS = YES;
				CLANG_WARN_EMPTY_BODY = YES;
				CLANG_WARN_ENUM_CONVERSION = YES;
				CLANG_WARN_INFINITE_RECURSION = YES;
				CLANG_WARN_INT_CONVERSION = YES;
				CLANG_WARN_NON_LITERAL_NULL_CONVERSION = YES;
				CLANG_WARN_OBJC_IMPLICIT_RETAIN_SELF = YES;
				CLANG_WARN_OBJC_LITERAL_CONVERSION = YES;
				CLANG_WARN_OBJC_ROOT_CLASS = YES_ERROR;
				CLANG_WARN_QUOTED_INCLUDE_IN_FRAMEWORK_HEADER = YES;
				CLANG_WARN_RANGE_LOOP_ANALYSIS = YES;
				CLANG_WARN_STRICT_PROTOTYPES = YES;
				CLANG_WARN_SUSPICIOUS_MOVE = YES;
				CLANG_WARN_UNGUARDED_AVAILABILITY = YES_AGGRESSIVE;
				CLANG_WARN_UNREACHABLE_CODE = YES;
				CLANG_WARN__DUPLICATE_METHOD_MATCH = YES;
				COPY_PHASE_STRIP = NO;
				DEBUG_INFORMATION_FORMAT = "dwarf-with-dsym";
				ENABLE_NS_ASSERTIONS = NO;
				ENABLE_STRICT_OBJC_MSGSEND = YES;
				ENABLE_USER_SCRIPT_SANDBOXING = YES;
				GCC_C_LANGUAGE_STANDARD = gnu17;
				GCC_NO_COMMON_BLOCKS = YES;
				GCC_WARN_64_TO_32_BIT_CONVERSION = YES;
				GCC_WARN_ABOUT_RETURN_TYPE = YES_ERROR;
				GCC_WARN_UNDECLARED_SELECTOR = YES;
				GCC_WARN_UNINITIALIZED_AUTOS = YES_AGGRESSIVE;
				GCC_WARN_UNUSED_FUNCTION = YES;
				GCC_WARN_UNUSED_VARIABLE = YES;
				IPHONEOS_DEPLOYMENT_TARGET = 26.0;
				LOCALIZATION_PREFERS_STRING_CATALOGS = YES;
				MTL_ENABLE_DEBUG_INFO = NO;
				MTL_FAST_MATH = YES;
				SDKROOT = iphoneos;
				SWIFT_COMPILATION_MODE = wholemodule;
				VALIDATE_PRODUCT = YES;
			};
			name = Release;
		};
		C8891D5E2EC2026100B5EA76 /* Debug */ = {
			isa = XCBuildConfiguration;
			buildSettings = {
				ASSETCATALOG_COMPILER_APPICON_NAME = AppIcon;
				ASSETCATALOG_COMPILER_GLOBAL_ACCENT_COLOR_NAME = AccentColor;
				CODE_SIGN_STYLE = Automatic;
				CURRENT_PROJECT_VERSION = 1;
				DEVELOPMENT_TEAM = MBFB47H6TQ;
				ENABLE_PREVIEWS = YES;
				GENERATE_INFOPLIST_FILE = YES;
				INFOPLIST_KEY_UIApplicationSceneManifest_Generation = YES;
				INFOPLIST_KEY_UIApplicationSupportsIndirectInputEvents = YES;
				INFOPLIST_KEY_UILaunchScreen_Generation = YES;
				INFOPLIST_KEY_UISupportedInterfaceOrientations_iPad = "UIInterfaceOrientationPortrait UIInterfaceOrientationPortraitUpsideDown UIInterfaceOrientationLandscapeLeft UIInterfaceOrientationLandscapeRight";
				INFOPLIST_KEY_UISupportedInterfaceOrientations_iPhone = "UIInterfaceOrientationPortrait UIInterfaceOrientationLandscapeLeft UIInterfaceOrientationLandscapeRight";
				LD_RUNPATH_SEARCH_PATHS = (
					"$(inherited)",
					"@executable_path/Frameworks",
				);
				MARKETING_VERSION = 1.0;
				PRODUCT_BUNDLE_IDENTIFIER = "joseluis.corral.lopez.Ejercicios-acoding-git";
				PRODUCT_NAME = "$(TARGET_NAME)";
				STRING_CATALOG_GENERATE_SYMBOLS = YES;
				SWIFT_APPROACHABLE_CONCURRENCY = YES;
				SWIFT_DEFAULT_ACTOR_ISOLATION = MainActor;
				SWIFT_EMIT_LOC_STRINGS = YES;
				SWIFT_UPCOMING_FEATURE_MEMBER_IMPORT_VISIBILITY = YES;
				SWIFT_VERSION = 5.0;
				TARGETED_DEVICE_FAMILY = "1,2";
			};
			name = Debug;
		};
		C8891D5F2EC2026100B5EA76 /* Release */ = {
			isa = XCBuildConfiguration;
			buildSettings = {
				ASSETCATALOG_COMPILER_APPICON_NAME = AppIcon;
				ASSETCATALOG_COMPILER_GLOBAL_ACCENT_COLOR_NAME = AccentColor;
				CODE_SIGN_STYLE = Automatic;
				CURRENT_PROJECT_VERSION = 1;
				DEVELOPMENT_TEAM = MBFB47H6TQ;
				ENABLE_PREVIEWS = YES;
				GENERATE_INFOPLIST_FILE = YES;
				INFOPLIST_KEY_UIApplicationSceneManifest_Generation = YES;
				INFOPLIST_KEY_UIApplicationSupportsIndirectInputEvents = YES;
				INFOPLIST_KEY_UILaunchScreen_Generation = YES;
				INFOPLIST_KEY_UISupportedInterfaceOrientations_iPad = "UIInterfaceOrientationPortrait UIInterfaceOrientationPortraitUpsideDown UIInterfaceOrientationLandscapeLeft UIInterfaceOrientationLandscapeRight";
				INFOPLIST_KEY_UISupportedInterfaceOrientations_iPhone = "UIInterfaceOrientationPortrait UIInterfaceOrientationLandscapeLeft UIInterfaceOrientationLandscapeRight";
				LD_RUNPATH_SEARCH_PATHS = (
					"$(inherited)",
					"@executable_path/Frameworks",
				);
				MARKETING_VERSION = 1.0;
				PRODUCT_BUNDLE_IDENTIFIER = "joseluis.corral.lopez.Ejercicios-acoding-git";
				PRODUCT_NAME = "$(TARGET_NAME)";
				STRING_CATALOG_GENERATE_SYMBOLS = YES;
				SWIFT_APPROACHABLE_CONCURRENCY = YES;
				SWIFT_DEFAULT_ACTOR_ISOLATION = MainActor;
				SWIFT_EMIT_LOC_STRINGS = YES;
				SWIFT_UPCOMING_FEATURE_MEMBER_IMPORT_VISIBILITY = YES;
				SWIFT_VERSION = 5.0;
				TARGETED_DEVICE_FAMILY = "1,2";
			};
			name = Release;
		};
/* End XCBuildConfiguration section */

/* Begin XCConfigurationList section */
		C8891D4D2EC2026000B5EA76 /* Build configuration list for PBXProject "Ejercicios acoding" */ = {
			isa = XCConfigurationList;
			buildConfigurations = (
				C8891D5B2EC2026100B5EA76 /* Debug */,
				C8891D5C2EC2026100B5EA76 /* Release */,
			);
			defaultConfigurationIsVisible = 0;
			defaultConfigurationName = Release;
		};
		C8891D5D2EC2026100B5EA76 /* Build configuration list for PBXNativeTarget "Ejercicios acoding" */ = {
			isa = XCConfigurationList;
			buildConfigurations = (
				C8891D5E2EC2026100B5EA76 /* Debug */,
				C8891D5F2EC2026100B5EA76 /* Release */,
			);
			defaultConfigurationIsVisible = 0;
			defaultConfigurationName = Release;
		};
/* End XCConfigurationList section */
	};
	rootObject = C8891D4A2EC2026000B5EA76 /* Project object */;
}
