// !$*UTF8*$!
{
	archiveVersion = 1;
	classes = {
	};
	objectVersion = 77;
	objects = {

/* Begin PBXBuildFile section */
		C8BA04772EC748D8007A79EB /* Assets.xcassets in Resources */ = {isa = PBXBuildFile; fileRef = C8BA04732EC748D8007A79EB /* Assets.xcassets */; };
		C8BA04782EC748D8007A79EB /* AlbumCoverView.swift in Sources */ = {isa = PBXBuildFile; fileRef = C8BA046C2EC748D8007A79EB /* AlbumCoverView.swift */; };
		C8BA04792EC748D8007A79EB /* PlayerControlsView.swift in Sources */ = {isa = PBXBuildFile; fileRef = C8BA046D2EC748D8007A79EB /* PlayerControlsView.swift */; };
		C8BA047A2EC748D8007A79EB /* MusicPlayer.swift in Sources */ = {isa = PBXBuildFile; fileRef = C8BA046F2EC748D8007A79EB /* MusicPlayer.swift */; };
		C8BA047B2EC748D8007A79EB /* Song.swift in Sources */ = {isa = PBXBuildFile; fileRef = C8BA04702EC748D8007A79EB /* Song.swift */; };
		C8BA047C2EC748D8007A79EB /* Styles.swift in Sources */ = {isa = PBXBuildFile; fileRef = C8BA04712EC748D8007A79EB /* Styles.swift */; };
		C8BA047D2EC748D8007A79EB /* ContentView.swift in Sources */ = {isa = PBXBuildFile; fileRef = C8BA04742EC748D8007A79EB /* ContentView.swift */; };
		C8BA047E2EC748D8007A79EB /* Ejercicios_acodingApp.swift in Sources */ = {isa = PBXBuildFile; fileRef = C8BA04752EC748D8007A79EB /* Ejercicios_acodingApp.swift */; };
		C8BA04802EC74CC2007A79EB /* SongInfoHeader.swift in Sources */ = {isa = PBXBuildFile; fileRef = C8BA047F2EC74CC2007A79EB /* SongInfoHeader.swift */; };
		C8BA04822EC74DB7007A79EB /* TimelineSlider.swift in Sources */ = {isa = PBXBuildFile; fileRef = C8BA04812EC74DB7007A79EB /* TimelineSlider.swift */; };
		C8BA04842EC74DCF007A79EB /* PlaybackControls.swift in Sources */ = {isa = PBXBuildFile; fileRef = C8BA04832EC74DCF007A79EB /* PlaybackControls.swift */; };
		C8BA04862EC74DFE007A79EB /* ActionButtons.swift in Sources */ = {isa = PBXBuildFile; fileRef = C8BA04852EC74DFE007A79EB /* ActionButtons.swift */; };
		C8BA04882EC750C9007A79EB /* PlayerGradientBackground.swift in Sources */ = {isa = PBXBuildFile; fileRef = C8BA04872EC750C9007A79EB /* PlayerGradientBackground.swift */; };
		C8BA048A2EC750E5007A79EB /* VolumeControl.swift in Sources */ = {isa = PBXBuildFile; fileRef = C8BA04892EC750E5007A79EB /* VolumeControl.swift */; };
/* End PBXBuildFile section */

/* Begin PBXFileReference section */
		C8891D522EC2026000B5EA76 /* Ejercicios acoding.app */ = {isa = PBXFileReference; explicitFileType = wrapper.application; includeInIndex = 0; path = "Ejercicios acoding.app"; sourceTree = BUILT_PRODUCTS_DIR; };
		C8BA046C2EC748D8007A79EB /* AlbumCoverView.swift */ = {isa = PBXFileReference; lastKnownFileType = sourcecode.swift; path = AlbumCoverView.swift; sourceTree = "<group>"; };
		C8BA046D2EC748D8007A79EB /* PlayerControlsView.swift */ = {isa = PBXFileReference; lastKnownFileType = sourcecode.swift; path = PlayerControlsView.swift; sourceTree = "<group>"; };
		C8BA046F2EC748D8007A79EB /* MusicPlayer.swift */ = {isa = PBXFileReference; lastKnownFileType = sourcecode.swift; path = MusicPlayer.swift; sourceTree = "<group>"; };
		C8BA04702EC748D8007A79EB /* Song.swift */ = {isa = PBXFileReference; lastKnownFileType = sourcecode.swift; path = Song.swift; sourceTree = "<group>"; };
		C8BA04712EC748D8007A79EB /* Styles.swift */ = {isa = PBXFileReference; lastKnownFileType = sourcecode.swift; path = Styles.swift; sourceTree = "<group>"; };
		C8BA04732EC748D8007A79EB /* Assets.xcassets */ = {isa = PBXFileReference; lastKnownFileType = folder.assetcatalog; path = Assets.xcassets; sourceTree = "<group>"; };
		C8BA04742EC748D8007A79EB /* ContentView.swift */ = {isa = PBXFileReference; lastKnownFileType = sourcecode.swift; path = ContentView.swift; sourceTree = "<group>"; };
		C8BA04752EC748D8007A79EB /* Ejercicios_acodingApp.swift */ = {isa = PBXFileReference; lastKnownFileType = sourcecode.swift; path = Ejercicios_acodingApp.swift; sourceTree = "<group>"; };
		C8BA047F2EC74CC2007A79EB /* SongInfoHeader.swift */ = {isa = PBXFileReference; lastKnownFileType = sourcecode.swift; path = SongInfoHeader.swift; sourceTree = "<group>"; };
		C8BA04812EC74DB7007A79EB /* TimelineSlider.swift */ = {isa = PBXFileReference; lastKnownFileType = sourcecode.swift; path = TimelineSlider.swift; sourceTree = "<group>"; };
		C8BA04832EC74DCF007A79EB /* PlaybackControls.swift */ = {isa = PBXFileReference; lastKnownFileType = sourcecode.swift; path = PlaybackControls.swift; sourceTree = "<group>"; };
		C8BA04852EC74DFE007A79EB /* ActionButtons.swift */ = {isa = PBXFileReference; lastKnownFileType = sourcecode.swift; path = ActionButtons.swift; sourceTree = "<group>"; };
		C8BA04872EC750C9007A79EB /* PlayerGradientBackground.swift */ = {isa = PBXFileReference; lastKnownFileType = sourcecode.swift; path = PlayerGradientBackground.swift; sourceTree = "<group>"; };
		C8BA04892EC750E5007A79EB /* VolumeControl.swift */ = {isa = PBXFileReference; lastKnownFileType = sourcecode.swift; path = VolumeControl.swift; sourceTree = "<group>"; };
/* End PBXFileReference section */

/* Begin PBXFrameworksBuildPhase section */
		C8891D4F2EC2026000B5EA76 /* Frameworks */ = {
			isa = PBXFrameworksBuildPhase;
			buildActionMask = 2147483647;
			files = (
			);
			runOnlyForDeploymentPostprocessing = 0;
		};
/* End PBXFrameworksBuildPhase section */

/* Begin PBXGroup section */
		C8891D492EC2026000B5EA76 = {
			isa = PBXGroup;
			children = (
				C8BA04762EC748D8007A79EB /* Ejercicios acoding */,
				C8891D532EC2026000B5EA76 /* Products */,
			);
			sourceTree = "<group>";
		};
		C8891D532EC2026000B5EA76 /* Products */ = {
			isa = PBXGroup;
			children = (
				C8891D522EC2026000B5EA76 /* Ejercicios acoding.app */,
			);
			name = Products;
			sourceTree = "<group>";
		};
		C8BA046B2EC748D8007A79EB /* PlayerControlsSubcomponents */ = {
			isa = PBXGroup;
			children = (
				C8BA04892EC750E5007A79EB /* VolumeControl.swift */,
				C8BA04872EC750C9007A79EB /* PlayerGradientBackground.swift */,
				C8BA04852EC74DFE007A79EB /* ActionButtons.swift */,
				C8BA04832EC74DCF007A79EB /* PlaybackControls.swift */,
				C8BA04812EC74DB7007A79EB /* TimelineSlider.swift */,
				C8BA047F2EC74CC2007A79EB /* SongInfoHeader.swift */,
			);
			path = PlayerControlsSubcomponents;
			sourceTree = "<group>";
		};
		C8BA046E2EC748D8007A79EB /* Components */ = {
			isa = PBXGroup;
			children = (
				C8BA046C2EC748D8007A79EB /* AlbumCoverView.swift */,
				C8BA046D2EC748D8007A79EB /* PlayerControlsView.swift */,
				C8BA046B2EC748D8007A79EB /* PlayerControlsSubcomponents */,
			);
			path = Components;
			sourceTree = "<group>";
		};
		C8BA04722EC748D8007A79EB /* Exercise 1 Music Player */ = {
			isa = PBXGroup;
			children = (
				C8BA046E2EC748D8007A79EB /* Components */,
				C8BA046F2EC748D8007A79EB /* MusicPlayer.swift */,
				C8BA04702EC748D8007A79EB /* Song.swift */,
				C8BA04712EC748D8007A79EB /* Styles.swift */,
			);
			path = "Exercise 1 Music Player";
			sourceTree = "<group>";
		};
		C8BA04762EC748D8007A79EB /* Ejercicios acoding */ = {
			isa = PBXGroup;
			children = (
				C8BA04722EC748D8007A79EB /* Exercise 1 Music Player */,
				C8BA04732EC748D8007A79EB /* Assets.xcassets */,
				C8BA04742EC748D8007A79EB /* ContentView.swift */,
				C8BA04752EC748D8007A79EB /* Ejercicios_acodingApp.swift */,
			);
			path = "Ejercicios acoding";
			sourceTree = "<group>";
		};
/* End PBXGroup section */

/* Begin PBXNativeTarget section */
		C8891D512EC2026000B5EA76 /* Ejercicios acoding */ = {
			isa = PBXNativeTarget;
			buildConfigurationList = C8891D5D2EC2026100B5EA76 /* Build configuration list for PBXNativeTarget "Ejercicios acoding" */;
			buildPhases = (
				C8891D4E2EC2026000B5EA76 /* Sources */,
				C8891D4F2EC2026000B5EA76 /* Frameworks */,
				C8891D502EC2026000B5EA76 /* Resources */,
			);
			buildRules = (
			);
			dependencies = (
			);
			name = "Ejercicios acoding";
			packageProductDependencies = (
			);
			productName = "Ejercicios acoding";
			productReference = C8891D522EC2026000B5EA76 /* Ejercicios acoding.app */;
			productType = "com.apple.product-type.application";
		};
/* End PBXNativeTarget section */

/* Begin PBXProject section */
		C8891D4A2EC2026000B5EA76 /* Project object */ = {
			isa = PBXProject;
			attributes = {
				BuildIndependentTargetsInParallel = 1;
				LastSwiftUpdateCheck = 2600;
				LastUpgradeCheck = 2600;
				TargetAttributes = {
					C8891D512EC2026000B5EA76 = {
						CreatedOnToolsVersion = 26.0.1;
					};
				};
			};
			buildConfigurationList = C8891D4D2EC2026000B5EA76 /* Build configuration list for PBXProject "Ejercicios acoding" */;
			developmentRegion = en;
			hasScannedForEncodings = 0;
			knownRegions = (
				en,
				Base,
			);
			mainGroup = C8891D492EC2026000B5EA76;
			minimizedProjectReferenceProxies = 1;
			preferredProjectObjectVersion = 77;
			productRefGroup = C8891D532EC2026000B5EA76 /* Products */;
			projectDirPath = "";
			projectRoot = "";
			targets = (
				C8891D512EC2026000B5EA76 /* Ejercicios acoding */,
			);
		};
/* End PBXProject section */

/* Begin PBXResourcesBuildPhase section */
		C8891D502EC2026000B5EA76 /* Resources */ = {
			isa = PBXResourcesBuildPhase;
			buildActionMask = 2147483647;
			files = (
				C8BA04772EC748D8007A79EB /* Assets.xcassets in Resources */,
			);
			runOnlyForDeploymentPostprocessing = 0;
		};
/* End PBXResourcesBuildPhase section */

/* Begin PBXSourcesBuildPhase section */
		C8891D4E2EC2026000B5EA76 /* Sources */ = {
			isa = PBXSourcesBuildPhase;
			buildActionMask = 2147483647;
			files = (
				C8BA04882EC750C9007A79EB /* PlayerGradientBackground.swift in Sources */,
				C8BA04862EC74DFE007A79EB /* ActionButtons.swift in Sources */,
				C8BA04782EC748D8007A79EB /* AlbumCoverView.swift in Sources */,
				C8BA04792EC748D8007A79EB /* PlayerControlsView.swift in Sources */,
				C8BA047A2EC748D8007A79EB /* MusicPlayer.swift in Sources */,
				C8BA04802EC74CC2007A79EB /* SongInfoHeader.swift in Sources */,
				C8BA048A2EC750E5007A79EB /* VolumeControl.swift in Sources */,
				C8BA04842EC74DCF007A79EB /* PlaybackControls.swift in Sources */,
				C8BA04822EC74DB7007A79EB /* TimelineSlider.swift in Sources */,
				C8BA047B2EC748D8007A79EB /* Song.swift in Sources */,
				C8BA047C2EC748D8007A79EB /* Styles.swift in Sources */,
				C8BA047D2EC748D8007A79EB /* ContentView.swift in Sources */,
				C8BA047E2EC748D8007A79EB /* Ejercicios_acodingApp.swift in Sources */,
			);
			runOnlyForDeploymentPostprocessing = 0;
		};
/* End PBXSourcesBuildPhase section */

/* Begin XCBuildConfiguration section */
		C8891D5B2EC2026100B5EA76 /* Debug */ = {
			isa = XCBuildConfiguration;
			buildSettings = {
				ALWAYS_SEARCH_USER_PATHS = NO;
				ASSETCATALOG_COMPILER_GENERATE_SWIFT_ASSET_SYMBOL_EXTENSIONS = YES;
				CLANG_ANALYZER_NONNULL = YES;
				CLANG_ANALYZER_NUMBER_OBJECT_CONVERSION = YES_AGGRESSIVE;
				CLANG_CXX_LANGUAGE_STANDARD = "gnu++20";
				CLANG_ENABLE_MODULES = YES;
				CLANG_ENABLE_OBJC_ARC = YES;
				CLANG_ENABLE_OBJC_WEAK = YES;
				CLANG_WARN_BLOCK_CAPTURE_AUTORELEASING = YES;
				CLANG_WARN_BOOL_CONVERSION = YES;
				CLANG_WARN_COMMA = YES;
				CLANG_WARN_CONSTANT_CONVERSION = YES;
				CLANG_WARN_DEPRECATED_OBJC_IMPLEMENTATIONS = YES;
				CLANG_WARN_DIRECT_OBJC_ISA_USAGE = YES_ERROR;
				CLANG_WARN_DOCUMENTATION_COMMENTS = YES;
				CLANG_WARN_EMPTY_BODY = YES;
				CLANG_WARN_ENUM_CONVERSION = YES;
				CLANG_WARN_INFINITE_RECURSION = YES;
				CLANG_WARN_INT_CONVERSION = YES;
				CLANG_WARN_NON_LITERAL_NULL_CONVERSION = YES;
				CLANG_WARN_OBJC_IMPLICIT_RETAIN_SELF = YES;
				CLANG_WARN_OBJC_LITERAL_CONVERSION = YES;
				CLANG_WARN_OBJC_ROOT_CLASS = YES_ERROR;
				CLANG_WARN_QUOTED_INCLUDE_IN_FRAMEWORK_HEADER = YES;
				CLANG_WARN_RANGE_LOOP_ANALYSIS = YES;
				CLANG_WARN_STRICT_PROTOTYPES = YES;
				CLANG_WARN_SUSPICIOUS_MOVE = YES;
				CLANG_WARN_UNGUARDED_AVAILABILITY = YES_AGGRESSIVE;
				CLANG_WARN_UNREACHABLE_CODE = YES;
				CLANG_WARN__DUPLICATE_METHOD_MATCH = YES;
				COPY_PHASE_STRIP = NO;
				DEBUG_INFORMATION_FORMAT = dwarf;
				ENABLE_STRICT_OBJC_MSGSEND = YES;
				ENABLE_TESTABILITY = YES;
				ENABLE_USER_SCRIPT_SANDBOXING = YES;
				GCC_C_LANGUAGE_STANDARD = gnu17;
				GCC_DYNAMIC_NO_PIC = NO;
				GCC_NO_COMMON_BLOCKS = YES;
				GCC_OPTIMIZATION_LEVEL = 0;
				GCC_PREPROCESSOR_DEFINITIONS = (
					"DEBUG=1",
					"$(inherited)",
				);
				GCC_WARN_64_TO_32_BIT_CONVERSION = YES;
				GCC_WARN_ABOUT_RETURN_TYPE = YES_ERROR;
				GCC_WARN_UNDECLARED_SELECTOR = YES;
				GCC_WARN_UNINITIALIZED_AUTOS = YES_AGGRESSIVE;
				GCC_WARN_UNUSED_FUNCTION = YES;
				GCC_WARN_UNUSED_VARIABLE = YES;
				IPHONEOS_DEPLOYMENT_TARGET = 26.0;
				LOCALIZATION_PREFERS_STRING_CATALOGS = YES;
				MTL_ENABLE_DEBUG_INFO = INCLUDE_SOURCE;
				MTL_FAST_MATH = YES;
				ONLY_ACTIVE_ARCH = YES;
				SDKROOT = iphoneos;
				SWIFT_ACTIVE_COMPILATION_CONDITIONS = "DEBUG $(inherited)";
				SWIFT_OPTIMIZATION_LEVEL = "-Onone";
			};
			name = Debug;
		};
		C8891D5C2EC2026100B5EA76 /* Release */ = {
			isa = XCBuildConfiguration;
			buildSettings = {
				ALWAYS_SEARCH_USER_PATHS = NO;
				ASSETCATALOG_COMPILER_GENERATE_SWIFT_ASSET_SYMBOL_EXTENSIONS = YES;
				CLANG_ANALYZER_NONNULL = YES;
				CLANG_ANALYZER_NUMBER_OBJECT_CONVERSION = YES_AGGRESSIVE;
				CLANG_CXX_LANGUAGE_STANDARD = "gnu++20";
				CLANG_ENABLE_MODULES = YES;
				CLANG_ENABLE_OBJC_ARC = YES;
				CLANG_ENABLE_OBJC_WEAK = YES;
				CLANG_WARN_BLOCK_CAPTURE_AUTORELEASING = YES;
				CLANG_WARN_BOOL_CONVERSION = YES;
				CLANG_WARN_COMMA = YES;
				CLANG_WARN_CONSTANT_CONVERSION = YES;
				CLANG_WARN_DEPRECATED_OBJC_IMPLEMENTATIONS = YES;
				CLANG_WARN_DIRECT_OBJC_ISA_USAGE = YES_ERROR;
				CLANG_WARN_DOCUMENTATION_COMMENTS = YES;
				CLANG_WARN_EMPTY_BODY = YES;
				CLANG_WARN_ENUM_CONVERSION = YES;
				CLANG_WARN_INFINITE_RECURSION = YES;
				CLANG_WARN_INT_CONVERSION = YES;
				CLANG_WARN_NON_LITERAL_NULL_CONVERSION = YES;
				CLANG_WARN_OBJC_IMPLICIT_RETAIN_SELF = YES;
				CLANG_WARN_OBJC_LITERAL_CONVERSION = YES;
				CLANG_WARN_OBJC_ROOT_CLASS = YES_ERROR;
				CLANG_WARN_QUOTED_INCLUDE_IN_FRAMEWORK_HEADER = YES;
				CLANG_WARN_RANGE_LOOP_ANALYSIS = YES;
				CLANG_WARN_STRICT_PROTOTYPES = YES;
				CLANG_WARN_SUSPICIOUS_MOVE = YES;
				CLANG_WARN_UNGUARDED_AVAILABILITY = YES_AGGRESSIVE;
				CLANG_WARN_UNREACHABLE_CODE = YES;
				CLANG_WARN__DUPLICATE_METHOD_MATCH = YES;
				COPY_PHASE_STRIP = NO;
				DEBUG_INFORMATION_FORMAT = "dwarf-with-dsym";
				ENABLE_NS_ASSERTIONS = NO;
				ENABLE_STRICT_OBJC_MSGSEND = YES;
				ENABLE_USER_SCRIPT_SANDBOXING = YES;
				GCC_C_LANGUAGE_STANDARD = gnu17;
				GCC_NO_COMMON_BLOCKS = YES;
				GCC_WARN_64_TO_32_BIT_CONVERSION = YES;
				GCC_WARN_ABOUT_RETURN_TYPE = YES_ERROR;
				GCC_WARN_UNDECLARED_SELECTOR = YES;
				GCC_WARN_UNINITIALIZED_AUTOS = YES_AGGRESSIVE;
				GCC_WARN_UNUSED_FUNCTION = YES;
				GCC_WARN_UNUSED_VARIABLE = YES;
				IPHONEOS_DEPLOYMENT_TARGET = 26.0;
				LOCALIZATION_PREFERS_STRING_CATALOGS = YES;
				MTL_ENABLE_DEBUG_INFO = NO;
				MTL_FAST_MATH = YES;
				SDKROOT = iphoneos;
				SWIFT_COMPILATION_MODE = wholemodule;
				VALIDATE_PRODUCT = YES;
			};
			name = Release;
		};
		C8891D5E2EC2026100B5EA76 /* Debug */ = {
			isa = XCBuildConfiguration;
			buildSettings = {
				ASSETCATALOG_COMPILER_APPICON_NAME = AppIcon;
				ASSETCATALOG_COMPILER_GLOBAL_ACCENT_COLOR_NAME = AccentColor;
				CODE_SIGN_STYLE = Automatic;
				CURRENT_PROJECT_VERSION = 1;
				DEVELOPMENT_TEAM = 62QLYFGB37;
				ENABLE_PREVIEWS = YES;
				GENERATE_INFOPLIST_FILE = YES;
				INFOPLIST_KEY_UIApplicationSceneManifest_Generation = YES;
				INFOPLIST_KEY_UIApplicationSupportsIndirectInputEvents = YES;
				INFOPLIST_KEY_UILaunchScreen_Generation = YES;
				INFOPLIST_KEY_UISupportedInterfaceOrientations_iPad = "UIInterfaceOrientationPortrait UIInterfaceOrientationPortraitUpsideDown UIInterfaceOrientationLandscapeLeft UIInterfaceOrientationLandscapeRight";
				INFOPLIST_KEY_UISupportedInterfaceOrientations_iPhone = "UIInterfaceOrientationPortrait UIInterfaceOrientationLandscapeLeft UIInterfaceOrientationLandscapeRight";
				LD_RUNPATH_SEARCH_PATHS = (
					"$(inherited)",
					"@executable_path/Frameworks",
				);
				MARKETING_VERSION = 1.0;
				PRODUCT_BUNDLE_IDENTIFIER = "joseluis.corral.lopez.Ejercicios-acoding";
				PRODUCT_NAME = "$(TARGET_NAME)";
				STRING_CATALOG_GENERATE_SYMBOLS = YES;
				SWIFT_APPROACHABLE_CONCURRENCY = YES;
				SWIFT_DEFAULT_ACTOR_ISOLATION = MainActor;
				SWIFT_EMIT_LOC_STRINGS = YES;
				SWIFT_UPCOMING_FEATURE_MEMBER_IMPORT_VISIBILITY = YES;
				SWIFT_VERSION = 5.0;
				TARGETED_DEVICE_FAMILY = "1,2";
			};
			name = Debug;
		};
		C8891D5F2EC2026100B5EA76 /* Release */ = {
			isa = XCBuildConfiguration;
			buildSettings = {
				ASSETCATALOG_COMPILER_APPICON_NAME = AppIcon;
				ASSETCATALOG_COMPILER_GLOBAL_ACCENT_COLOR_NAME = AccentColor;
				CODE_SIGN_STYLE = Automatic;
				CURRENT_PROJECT_VERSION = 1;
				DEVELOPMENT_TEAM = 62QLYFGB37;
				ENABLE_PREVIEWS = YES;
				GENERATE_INFOPLIST_FILE = YES;
				INFOPLIST_KEY_UIApplicationSceneManifest_Generation = YES;
				INFOPLIST_KEY_UIApplicationSupportsIndirectInputEvents = YES;
				INFOPLIST_KEY_UILaunchScreen_Generation = YES;
				INFOPLIST_KEY_UISupportedInterfaceOrientations_iPad = "UIInterfaceOrientationPortrait UIInterfaceOrientationPortraitUpsideDown UIInterfaceOrientationLandscapeLeft UIInterfaceOrientationLandscapeRight";
				INFOPLIST_KEY_UISupportedInterfaceOrientations_iPhone = "UIInterfaceOrientationPortrait UIInterfaceOrientationLandscapeLeft UIInterfaceOrientationLandscapeRight";
				LD_RUNPATH_SEARCH_PATHS = (
					"$(inherited)",
					"@executable_path/Frameworks",
				);
				MARKETING_VERSION = 1.0;
				PRODUCT_BUNDLE_IDENTIFIER = "joseluis.corral.lopez.Ejercicios-acoding";
				PRODUCT_NAME = "$(TARGET_NAME)";
				STRING_CATALOG_GENERATE_SYMBOLS = YES;
				SWIFT_APPROACHABLE_CONCURRENCY = YES;
				SWIFT_DEFAULT_ACTOR_ISOLATION = MainActor;
				SWIFT_EMIT_LOC_STRINGS = YES;
				SWIFT_UPCOMING_FEATURE_MEMBER_IMPORT_VISIBILITY = YES;
				SWIFT_VERSION = 5.0;
				TARGETED_DEVICE_FAMILY = "1,2";
			};
			name = Release;
		};
/* End XCBuildConfiguration section */

/* Begin XCConfigurationList section */
		C8891D4D2EC2026000B5EA76 /* Build configuration list for PBXProject "Ejercicios acoding" */ = {
			isa = XCConfigurationList;
			buildConfigurations = (
				C8891D5B2EC2026100B5EA76 /* Debug */,
				C8891D5C2EC2026100B5EA76 /* Release */,
			);
			defaultConfigurationIsVisible = 0;
			defaultConfigurationName = Release;
		};
		C8891D5D2EC2026100B5EA76 /* Build configuration list for PBXNativeTarget "Ejercicios acoding" */ = {
			isa = XCConfigurationList;
			buildConfigurations = (
				C8891D5E2EC2026100B5EA76 /* Debug */,
				C8891D5F2EC2026100B5EA76 /* Release */,
			);
			defaultConfigurationIsVisible = 0;
			defaultConfigurationName = Release;
		};
/* End XCConfigurationList section */
	};
	rootObject = C8891D4A2EC2026000B5EA76 /* Project object */;
}
